
Microsoft Visual Studio Solution File, Format Version 12.00
# Visual Studio Version 17
VisualStudioVersion = 17.1.32414.318
MinimumVisualStudioVersion = 10.0.40219.1
Project("{FAE04EC0-301F-11D3-BF4B-00C04F79EFBC}") = "API_RestaurantManager", "API_RestaurantManager\API_RestaurantManager.csproj", "{F8F9CAC5-5805-43FE-8AA0-180E6CF02D6E}"
EndProject
Global
	GlobalSection(SolutionConfigurationPlatforms) = preSolution
		Debug|Any CPU = Debug|Any CPU
		Release|Any CPU = Release|Any CPU
	EndGlobalSection
	GlobalSection(ProjectConfigurationPlatforms) = postSolution
		{F8F9CAC5-5805-43FE-8AA0-180E6CF02D6E}.Debug|Any CPU.ActiveCfg = Debug|Any CPU
		{F8F9CAC5-5805-43FE-8AA0-180E6CF02D6E}.Debug|Any CPU.Build.0 = Debug|Any CPU
		{F8F9CAC5-5805-43FE-8AA0-180E6CF02D6E}.Release|Any CPU.ActiveCfg = Release|Any CPU
		{F8F9CAC5-5805-43FE-8AA0-180E6CF02D6E}.Release|Any CPU.Build.0 = Release|Any CPU
	EndGlobalSection
	GlobalSection(SolutionProperties) = preSolution
		HideSolutionNode = FALSE
	EndGlobalSection
	GlobalSection(ExtensibilityGlobals) = postSolution
		SolutionGuid = {0EF6D1DA-2224-409C-B7BA-14252BCAE761}
	EndGlobalSection
EndGlobal
