
Microsoft Visual Studio Solution File, Format Version 12.00
# Visual Studio Version 17
VisualStudioVersion = 17.1.32414.318
MinimumVisualStudioVersion = 10.0.40219.1
Project("{FAE04EC0-301F-11D3-BF4B-00C04F79EFBC}") = "RestaurantManager_API", "RestaurantManager_API\RestaurantManager_API.csproj", "{4FEE7470-4174-4081-AEA9-4DE1110AAC37}"
EndProject
Global
	GlobalSection(SolutionConfigurationPlatforms) = preSolution
		Debug|Any CPU = Debug|Any CPU
		Release|Any CPU = Release|Any CPU
	EndGlobalSection
	GlobalSection(ProjectConfigurationPlatforms) = postSolution
		{4FEE7470-4174-4081-AEA9-4DE1110AAC37}.Debug|Any CPU.ActiveCfg = Debug|Any CPU
		{4FEE7470-4174-4081-AEA9-4DE1110AAC37}.Debug|Any CPU.Build.0 = Debug|Any CPU
		{4FEE7470-4174-4081-AEA9-4DE1110AAC37}.Release|Any CPU.ActiveCfg = Release|Any CPU
		{4FEE7470-4174-4081-AEA9-4DE1110AAC37}.Release|Any CPU.Build.0 = Release|Any CPU
	EndGlobalSection
	GlobalSection(SolutionProperties) = preSolution
		HideSolutionNode = FALSE
	EndGlobalSection
	GlobalSection(ExtensibilityGlobals) = postSolution
		SolutionGuid = {4AB2187A-55B9-4D42-A536-EF6974657FBD}
	EndGlobalSection
EndGlobal
